
Microsoft Visual Studio Solution File, Format Version 12.00
# Visual Studio Version 17
VisualStudioVersion = 17.7.34221.43
MinimumVisualStudioVersion = 10.0.40219.1
Project("{FAE04EC0-301F-11D3-BF4B-00C04F79EFBC}") = "Almoxarifado", "Almoxarifado\Almoxarifado.csproj", "{A7B4EB7D-C472-4427-9889-F4B190FBB5CE}"
EndProject
Global
	GlobalSection(SolutionConfigurationPlatforms) = preSolution
		Debug|Any CPU = Debug|Any CPU
		Release|Any CPU = Release|Any CPU
	EndGlobalSection
	GlobalSection(ProjectConfigurationPlatforms) = postSolution
		{A7B4EB7D-C472-4427-9889-F4B190FBB5CE}.Debug|Any CPU.ActiveCfg = Debug|Any CPU
		{A7B4EB7D-C472-4427-9889-F4B190FBB5CE}.Debug|Any CPU.Build.0 = Debug|Any CPU
		{A7B4EB7D-C472-4427-9889-F4B190FBB5CE}.Release|Any CPU.ActiveCfg = Release|Any CPU
		{A7B4EB7D-C472-4427-9889-F4B190FBB5CE}.Release|Any CPU.Build.0 = Release|Any CPU
	EndGlobalSection
	GlobalSection(SolutionProperties) = preSolution
		HideSolutionNode = FALSE
	EndGlobalSection
	GlobalSection(ExtensibilityGlobals) = postSolution
		SolutionGuid = {70DD414E-73C2-4E74-8E1C-DB4E344A17C2}
	EndGlobalSection
EndGlobal
